{
  "name": "pfdl-language-client",
  "version": "0.1.0",
  "lockfileVersion": 3,
  "requires": true,
  "packages": {
    "": {
      "name": "pfdl-language-client",
      "version": "0.1.0",
      "license": "MIT",
      "dependencies": {
        "cytoscape": "^3.23.0",
        "cytoscape-context-menus": "^4.1.0",
        "cytoscape-no-overlap": "^1.0.1",
        "cytoscape-popper": "^2.0.0",
        "dotparser": "^1.1.1",
        "tippy.js": "^6.3.7",
        "vscode-languageclient": "^7.0.0"
      },
      "devDependencies": {
        "@types/vscode": "^1.83.1"
      },
      "engines": {
        "vscode": "^1.83.1"
      }
    },
    "node_modules/@popperjs/core": {
      "version": "2.11.8",
      "resolved": "https://registry.npmjs.org/@popperjs/core/-/core-2.11.8.tgz",
      "integrity": "sha512-P1st0aksCrn9sGZhp8GMYwBnQsbvAWsZAX44oXNNvLHGqAOcoVxmjZiohstwQ7SqKnbR47akdNi+uleWD8+g6A==",
      "funding": {
        "type": "opencollective",
        "url": "https://opencollective.com/popperjs"
      }
    },
    "node_modules/@types/vscode": {
      "version": "1.84.0",
      "resolved": "https://registry.npmjs.org/@types/vscode/-/vscode-1.84.0.tgz",
      "integrity": "sha512-lCGOSrhT3cL+foUEqc8G1PVZxoDbiMmxgnUZZTEnHF4mC47eKAUtBGAuMLY6o6Ua8PAuNCoKXbqPmJd1JYnQfg==",
      "dev": true
    },
    "node_modules/balanced-match": {
      "version": "1.0.2",
      "resolved": "https://registry.npmjs.org/balanced-match/-/balanced-match-1.0.2.tgz",
      "integrity": "sha512-3oSeUO0TMV67hN1AmbXsK4yaqU7tjiHlbxRDZOpH0KW9+CeX4bRAaX0Anxt0tx2MrpRpWwQaPwIlISEJhYU5Pw=="
    },
    "node_modules/brace-expansion": {
      "version": "1.1.11",
      "resolved": "https://registry.npmjs.org/brace-expansion/-/brace-expansion-1.1.11.tgz",
      "integrity": "sha512-iCuPHDFgrHX7H2vEI/5xpz07zSHB00TpugqhmYtVmMO6518mCuRMoOYFldEBl0g187ufozdaHgWKcYFb61qGiA==",
      "dependencies": {
        "balanced-match": "^1.0.0",
        "concat-map": "0.0.1"
      }
    },
    "node_modules/concat-map": {
      "version": "0.0.1",
      "resolved": "https://registry.npmjs.org/concat-map/-/concat-map-0.0.1.tgz",
      "integrity": "sha512-/Srv4dswyQNBfohGpz9o6Yb3Gz3SrUDqBH5rTuhGR7ahtlbYKnVxw2bCFMRljaA7EXHaXZ8wsHdodFvbkhKmqg=="
    },
    "node_modules/cytoscape": {
      "version": "3.27.0",
      "resolved": "https://registry.npmjs.org/cytoscape/-/cytoscape-3.27.0.tgz",
      "integrity": "sha512-pPZJilfX9BxESwujODz5pydeGi+FBrXq1rcaB1mfhFXXFJ9GjE6CNndAk+8jPzoXGD+16LtSS4xlYEIUiW4Abg==",
      "dependencies": {
        "heap": "^0.2.6",
        "lodash": "^4.17.21"
      },
      "engines": {
        "node": ">=0.10"
      }
    },
    "node_modules/cytoscape-context-menus": {
      "version": "4.1.0",
      "resolved": "https://registry.npmjs.org/cytoscape-context-menus/-/cytoscape-context-menus-4.1.0.tgz",
      "integrity": "sha512-qbrdRfz8JQuZBZamhzmExPpJvUNR4VA3rcN4qChu4eVplWYU4n8N98A0ksrr2kfmUvCAL529N04KzwZd8xra7w==",
      "peerDependencies": {
        "cytoscape": "^2.7.0 || ^3.0.0"
      }
    },
    "node_modules/cytoscape-no-overlap": {
      "version": "1.0.1",
      "resolved": "https://registry.npmjs.org/cytoscape-no-overlap/-/cytoscape-no-overlap-1.0.1.tgz",
      "integrity": "sha512-fbNqkSvXFJi6JRdDeVFHAuqnQpNObURvaUS763JYnnm1vakjk1D+/ZxjTtVagg24po+InhJNjBeO8CzpsY4EbQ==",
      "dependencies": {
        "user": "0.0.0"
      },
      "peerDependencies": {
        "cytoscape": "^3.2.0"
      }
    },
    "node_modules/cytoscape-popper": {
      "version": "2.0.0",
      "resolved": "https://registry.npmjs.org/cytoscape-popper/-/cytoscape-popper-2.0.0.tgz",
      "integrity": "sha512-b7WSOn8qXHWtdIXFNmrgc8qkaOs16tMY0EwtRXlxzvn8X+al6TAFrUwZoYATkYSlotfd/36ZMoeKMEoUck6feA==",
      "dependencies": {
        "@popperjs/core": "^2.0.0"
      },
      "peerDependencies": {
        "cytoscape": "^3.2.0"
      }
    },
    "node_modules/dotparser": {
      "version": "1.1.1",
      "resolved": "https://registry.npmjs.org/dotparser/-/dotparser-1.1.1.tgz",
      "integrity": "sha512-8ojhUts0HbLnXJgjTiJOddwVVBUk6hg4SJ5kGiuhzgK/f+y79TiWvICwx1oCWlVbBC8YI3nEaIQg9fjGYbGBXw=="
    },
    "node_modules/heap": {
      "version": "0.2.7",
      "resolved": "https://registry.npmjs.org/heap/-/heap-0.2.7.tgz",
      "integrity": "sha512-2bsegYkkHO+h/9MGbn6KWcE45cHZgPANo5LXF7EvWdT0yT2EguSVO1nDgU5c8+ZOPwp2vMNa7YFsJhVcDR9Sdg=="
    },
    "node_modules/lodash": {
      "version": "4.17.21",
      "resolved": "https://registry.npmjs.org/lodash/-/lodash-4.17.21.tgz",
      "integrity": "sha512-v2kDEe57lecTulaDIuNTPy3Ry4gLGJ6Z1O3vE1krgXZNrsQ+LFTGHVxVjcXPs17LhbZVGedAJv8XZ1tvj5FvSg=="
    },
    "node_modules/lru-cache": {
      "version": "6.0.0",
      "resolved": "https://registry.npmjs.org/lru-cache/-/lru-cache-6.0.0.tgz",
      "integrity": "sha512-Jo6dJ04CmSjuznwJSS3pUeWmd/H0ffTlkXXgwZi+eq1UCmqQwCh+eLsYOYCwY991i2Fah4h1BEMCx4qThGbsiA==",
      "dependencies": {
        "yallist": "^4.0.0"
      },
      "engines": {
        "node": ">=10"
      }
    },
    "node_modules/minimatch": {
      "version": "3.1.2",
      "resolved": "https://registry.npmjs.org/minimatch/-/minimatch-3.1.2.tgz",
      "integrity": "sha512-J7p63hRiAjw1NDEww1W7i37+ByIrOWO5XQQAzZ3VOcL0PNybwpfmV/N05zFAzwQ9USyEcX6t3UO+K5aqBQOIHw==",
      "dependencies": {
        "brace-expansion": "^1.1.7"
      },
      "engines": {
        "node": "*"
      }
    },
    "node_modules/semver": {
      "version": "7.5.4",
      "resolved": "https://registry.npmjs.org/semver/-/semver-7.5.4.tgz",
      "integrity": "sha512-1bCSESV6Pv+i21Hvpxp3Dx+pSD8lIPt8uVjRrxAUt/nbswYc+tK6Y2btiULjd4+fnq15PX+nqQDC7Oft7WkwcA==",
      "dependencies": {
        "lru-cache": "^6.0.0"
      },
      "bin": {
        "semver": "bin/semver.js"
      },
      "engines": {
        "node": ">=10"
      }
    },
    "node_modules/tippy.js": {
      "version": "6.3.7",
      "resolved": "https://registry.npmjs.org/tippy.js/-/tippy.js-6.3.7.tgz",
      "integrity": "sha512-E1d3oP2emgJ9dRQZdf3Kkn0qJgI6ZLpyS5z6ZkY1DF3kaQaBsGZsndEpHwx+eC+tYM41HaSNvNtLx8tU57FzTQ==",
      "dependencies": {
        "@popperjs/core": "^2.9.0"
      }
    },
    "node_modules/user": {
      "version": "0.0.0",
      "resolved": "https://registry.npmjs.org/user/-/user-0.0.0.tgz",
      "integrity": "sha512-eRNM5isOvr6aEFAGi1CqAkmLkYxW2NJ5ThhbD+6IJXYKM1mo7Gtxx4mQIveHz/5K3p/SVnlW9k17ETn+QAu8IQ=="
    },
    "node_modules/vscode-jsonrpc": {
      "version": "6.0.0",
      "resolved": "https://registry.npmjs.org/vscode-jsonrpc/-/vscode-jsonrpc-6.0.0.tgz",
      "integrity": "sha512-wnJA4BnEjOSyFMvjZdpiOwhSq9uDoK8e/kpRJDTaMYzwlkrhG1fwDIZI94CLsLzlCK5cIbMMtFlJlfR57Lavmg==",
      "engines": {
        "node": ">=8.0.0 || >=10.0.0"
      }
    },
    "node_modules/vscode-languageclient": {
      "version": "7.0.0",
      "resolved": "https://registry.npmjs.org/vscode-languageclient/-/vscode-languageclient-7.0.0.tgz",
      "integrity": "sha512-P9AXdAPlsCgslpP9pRxYPqkNYV7Xq8300/aZDpO35j1fJm/ncize8iGswzYlcvFw5DQUx4eVk+KvfXdL0rehNg==",
      "dependencies": {
        "minimatch": "^3.0.4",
        "semver": "^7.3.4",
        "vscode-languageserver-protocol": "3.16.0"
      },
      "engines": {
        "vscode": "^1.52.0"
      }
    },
    "node_modules/vscode-languageserver-protocol": {
      "version": "3.16.0",
      "resolved": "https://registry.npmjs.org/vscode-languageserver-protocol/-/vscode-languageserver-protocol-3.16.0.tgz",
      "integrity": "sha512-sdeUoAawceQdgIfTI+sdcwkiK2KU+2cbEYA0agzM2uqaUy2UpnnGHtWTHVEtS0ES4zHU0eMFRGN+oQgDxlD66A==",
      "dependencies": {
        "vscode-jsonrpc": "6.0.0",
        "vscode-languageserver-types": "3.16.0"
      }
    },
    "node_modules/vscode-languageserver-types": {
      "version": "3.16.0",
      "resolved": "https://registry.npmjs.org/vscode-languageserver-types/-/vscode-languageserver-types-3.16.0.tgz",
      "integrity": "sha512-k8luDIWJWyenLc5ToFQQMaSrqCHiLwyKPHKPQZ5zz21vM+vIVUSvsRpcbiECH4WR88K2XZqc4ScRcZ7nk/jbeA=="
    },
    "node_modules/yallist": {
      "version": "4.0.0",
      "resolved": "https://registry.npmjs.org/yallist/-/yallist-4.0.0.tgz",
      "integrity": "sha512-3wdGidZyq5PB084XLES5TpOSRA3wjXAlIWMhum2kRcv/41Sn2emQ0dycQW4uZXLejwKvg6EsvbdlVL+FYEct7A=="
    }
  }
}
